
Microsoft Visual Studio Solution File, Format Version 12.00
# Visual Studio Version 17
VisualStudioVersion = 17.12.35514.174 d17.12
MinimumVisualStudioVersion = 10.0.40219.1
Project("{FAE04EC0-301F-11D3-BF4B-00C04F79EFBC}") = "cs13", "cs13.csproj", "{370A9CC6-30A8-4A93-AE9C-750259E273A3}"
EndProject
Project("{FAE04EC0-301F-11D3-BF4B-00C04F79EFBC}") = "WinFormsApp1", "..\WinFormsApp1\WinFormsApp1.csproj", "{38622239-3A80-4582-A7E1-BE37D48175A2}"
EndProject
Project("{FAE04EC0-301F-11D3-BF4B-00C04F79EFBC}") = "cs13.test", "..\cs13.test\cs13.test.csproj", "{B0C417FB-E5AB-4F95-BA1B-44E79BB20DD4}"
EndProject
Global
	GlobalSection(SolutionConfigurationPlatforms) = preSolution
		Debug|Any CPU = Debug|Any CPU
		Release|Any CPU = Release|Any CPU
	EndGlobalSection
	GlobalSection(ProjectConfigurationPlatforms) = postSolution
		{370A9CC6-30A8-4A93-AE9C-750259E273A3}.Debug|Any CPU.ActiveCfg = Debug|Any CPU
		{370A9CC6-30A8-4A93-AE9C-750259E273A3}.Debug|Any CPU.Build.0 = Debug|Any CPU
		{370A9CC6-30A8-4A93-AE9C-750259E273A3}.Release|Any CPU.ActiveCfg = Release|Any CPU
		{370A9CC6-30A8-4A93-AE9C-750259E273A3}.Release|Any CPU.Build.0 = Release|Any CPU
		{38622239-3A80-4582-A7E1-BE37D48175A2}.Debug|Any CPU.ActiveCfg = Debug|Any CPU
		{38622239-3A80-4582-A7E1-BE37D48175A2}.Debug|Any CPU.Build.0 = Debug|Any CPU
		{38622239-3A80-4582-A7E1-BE37D48175A2}.Release|Any CPU.ActiveCfg = Release|Any CPU
		{38622239-3A80-4582-A7E1-BE37D48175A2}.Release|Any CPU.Build.0 = Release|Any CPU
		{B0C417FB-E5AB-4F95-BA1B-44E79BB20DD4}.Debug|Any CPU.ActiveCfg = Debug|Any CPU
		{B0C417FB-E5AB-4F95-BA1B-44E79BB20DD4}.Debug|Any CPU.Build.0 = Debug|Any CPU
		{B0C417FB-E5AB-4F95-BA1B-44E79BB20DD4}.Release|Any CPU.ActiveCfg = Release|Any CPU
		{B0C417FB-E5AB-4F95-BA1B-44E79BB20DD4}.Release|Any CPU.Build.0 = Release|Any CPU
	EndGlobalSection
	GlobalSection(SolutionProperties) = preSolution
		HideSolutionNode = FALSE
	EndGlobalSection
EndGlobal
